
Microsoft Visual Studio Solution File, Format Version 12.00
# Visual Studio Version 17
VisualStudioVersion = 17.13.35818.85 d17.13
MinimumVisualStudioVersion = 10.0.40219.1
Project("{FAE04EC0-301F-11D3-BF4B-00C04F79EFBC}") = "Assignment2-3", "Assignment2-3\Assignment2-3.csproj", "{DA0540F0-7C51-4DC4-9959-FB0059EFA9FE}"
EndProject
Global
	GlobalSection(SolutionConfigurationPlatforms) = preSolution
		Debug|Any CPU = Debug|Any CPU
		Release|Any CPU = Release|Any CPU
	EndGlobalSection
	GlobalSection(ProjectConfigurationPlatforms) = postSolution
		{DA0540F0-7C51-4DC4-9959-FB0059EFA9FE}.Debug|Any CPU.ActiveCfg = Debug|Any CPU
		{DA0540F0-7C51-4DC4-9959-FB0059EFA9FE}.Debug|Any CPU.Build.0 = Debug|Any CPU
		{DA0540F0-7C51-4DC4-9959-FB0059EFA9FE}.Release|Any CPU.ActiveCfg = Release|Any CPU
		{DA0540F0-7C51-4DC4-9959-FB0059EFA9FE}.Release|Any CPU.Build.0 = Release|Any CPU
	EndGlobalSection
	GlobalSection(SolutionProperties) = preSolution
		HideSolutionNode = FALSE
	EndGlobalSection
	GlobalSection(ExtensibilityGlobals) = postSolution
		SolutionGuid = {63393C2F-6532-41AD-A719-0F96B6AC007F}
	EndGlobalSection
EndGlobal
