
Microsoft Visual Studio Solution File, Format Version 12.00
# Visual Studio Version 17
VisualStudioVersion = 17.13.35818.85 d17.13
MinimumVisualStudioVersion = 10.0.40219.1
Project("{FAE04EC0-301F-11D3-BF4B-00C04F79EFBC}") = "homework", "homework\homework.csproj", "{06BA0A26-8F89-4446-9DEE-A361B1309C11}"
EndProject
Global
	GlobalSection(SolutionConfigurationPlatforms) = preSolution
		Debug|Any CPU = Debug|Any CPU
		Release|Any CPU = Release|Any CPU
	EndGlobalSection
	GlobalSection(ProjectConfigurationPlatforms) = postSolution
		{06BA0A26-8F89-4446-9DEE-A361B1309C11}.Debug|Any CPU.ActiveCfg = Debug|Any CPU
		{06BA0A26-8F89-4446-9DEE-A361B1309C11}.Debug|Any CPU.Build.0 = Debug|Any CPU
		{06BA0A26-8F89-4446-9DEE-A361B1309C11}.Release|Any CPU.ActiveCfg = Release|Any CPU
		{06BA0A26-8F89-4446-9DEE-A361B1309C11}.Release|Any CPU.Build.0 = Release|Any CPU
	EndGlobalSection
	GlobalSection(SolutionProperties) = preSolution
		HideSolutionNode = FALSE
	EndGlobalSection
	GlobalSection(ExtensibilityGlobals) = postSolution
		SolutionGuid = {8089DBA8-D10E-417F-8990-D8B684499775}
	EndGlobalSection
EndGlobal
