
Microsoft Visual Studio Solution File, Format Version 12.00
# Visual Studio Version 17
VisualStudioVersion = 17.13.35818.85 d17.13
MinimumVisualStudioVersion = 10.0.40219.1
Project("{FAE04EC0-301F-11D3-BF4B-00C04F79EFBC}") = "Assignment4-2", "Assignment4-2\Assignment4-2.csproj", "{32D1C40F-BB4E-4C30-B991-66B9D0E465A5}"
EndProject
Global
	GlobalSection(SolutionConfigurationPlatforms) = preSolution
		Debug|Any CPU = Debug|Any CPU
		Release|Any CPU = Release|Any CPU
	EndGlobalSection
	GlobalSection(ProjectConfigurationPlatforms) = postSolution
		{32D1C40F-BB4E-4C30-B991-66B9D0E465A5}.Debug|Any CPU.ActiveCfg = Debug|Any CPU
		{32D1C40F-BB4E-4C30-B991-66B9D0E465A5}.Debug|Any CPU.Build.0 = Debug|Any CPU
		{32D1C40F-BB4E-4C30-B991-66B9D0E465A5}.Release|Any CPU.ActiveCfg = Release|Any CPU
		{32D1C40F-BB4E-4C30-B991-66B9D0E465A5}.Release|Any CPU.Build.0 = Release|Any CPU
	EndGlobalSection
	GlobalSection(SolutionProperties) = preSolution
		HideSolutionNode = FALSE
	EndGlobalSection
	GlobalSection(ExtensibilityGlobals) = postSolution
		SolutionGuid = {AFC469AF-4CDA-4CF6-B199-835BD303D407}
	EndGlobalSection
EndGlobal
